schema: '2.0'
stages:
  preprocess:
    cmd: python -m src.pipelines.preprocess
    deps:
    - path: data/raw_export.csv
      hash: md5
      md5: b95750f184770d968466487cfa1cd6a0
      size: 65179
    - path: src/pipelines/preprocess.py
      hash: md5
      md5: df29bbcac3169e88fa105eb1c32ff868
      size: 3576
    outs:
    - path: data/features.parquet
      hash: md5
      md5: 2f22636598f06cf1b305803ee328b943
      size: 16292
